// !$*UTF8*$!
{
	archiveVersion = 1;
	classes = {
	};
	objectVersion = 55;
	objects = {

/* Begin PBXBuildFile section */
		74167CB829E819520030E8DE /* Kingfisher in Frameworks */ = {isa = PBXBuildFile; productRef = 74167CB729E819520030E8DE /* Kingfisher */; };
		74167CBA29E81B1C0030E8DE /* ImageTableViewCell.xib in Resources */ = {isa = PBXBuildFile; fileRef = 74167CB929E81B1C0030E8DE /* ImageTableViewCell.xib */; };
		74167CBD29E821EA0030E8DE /* SignInVM.swift in Sources */ = {isa = PBXBuildFile; fileRef = 74167CBC29E821EA0030E8DE /* SignInVM.swift */; };
		7418856829E7951C0049BAC1 /* Alamofire in Frameworks */ = {isa = PBXBuildFile; productRef = 7418856729E7951C0049BAC1 /* Alamofire */; };
		7418856D29E79B1A0049BAC1 /* SignInModel.swift in Sources */ = {isa = PBXBuildFile; fileRef = 7418856C29E79B1A0049BAC1 /* SignInModel.swift */; };
		7418857029E79C000049BAC1 /* APIManager.swift in Sources */ = {isa = PBXBuildFile; fileRef = 7418856F29E79C000049BAC1 /* APIManager.swift */; };
		7418857329E79E4D0049BAC1 /* Constants.swift in Sources */ = {isa = PBXBuildFile; fileRef = 7418857229E79E4D0049BAC1 /* Constants.swift */; };
		7418857529E7BFB80049BAC1 /* Response.swift in Sources */ = {isa = PBXBuildFile; fileRef = 7418857429E7BFB80049BAC1 /* Response.swift */; };
		7418857929E7E6040049BAC1 /* ImageList.swift in Sources */ = {isa = PBXBuildFile; fileRef = 7418857829E7E6040049BAC1 /* ImageList.swift */; };
		7418857B29E7F5390049BAC1 /* ImageListViewController.swift in Sources */ = {isa = PBXBuildFile; fileRef = 7418857A29E7F5390049BAC1 /* ImageListViewController.swift */; };
		7418857D29E815A70049BAC1 /* ImageTableViewCell.swift in Sources */ = {isa = PBXBuildFile; fileRef = 7418857C29E815A70049BAC1 /* ImageTableViewCell.swift */; };
		74900D6929E719B200877AF4 /* AppDelegate.swift in Sources */ = {isa = PBXBuildFile; fileRef = 74900D6829E719B200877AF4 /* AppDelegate.swift */; };
		74900D6B29E719B200877AF4 /* SceneDelegate.swift in Sources */ = {isa = PBXBuildFile; fileRef = 74900D6A29E719B200877AF4 /* SceneDelegate.swift */; };
		74900D6D29E719B200877AF4 /* ViewController.swift in Sources */ = {isa = PBXBuildFile; fileRef = 74900D6C29E719B200877AF4 /* ViewController.swift */; };
		74900D7029E719B200877AF4 /* Main.storyboard in Resources */ = {isa = PBXBuildFile; fileRef = 74900D6E29E719B200877AF4 /* Main.storyboard */; };
		74900D7229E719B300877AF4 /* Assets.xcassets in Resources */ = {isa = PBXBuildFile; fileRef = 74900D7129E719B300877AF4 /* Assets.xcassets */; };
		74900D7529E719B300877AF4 /* LaunchScreen.storyboard in Resources */ = {isa = PBXBuildFile; fileRef = 74900D7329E719B300877AF4 /* LaunchScreen.storyboard */; };
/* End PBXBuildFile section */

/* Begin PBXFileReference section */
		74167CB929E81B1C0030E8DE /* ImageTableViewCell.xib */ = {isa = PBXFileReference; lastKnownFileType = file.xib; path = ImageTableViewCell.xib; sourceTree = "<group>"; };
		74167CBC29E821EA0030E8DE /* SignInVM.swift */ = {isa = PBXFileReference; lastKnownFileType = sourcecode.swift; path = SignInVM.swift; sourceTree = "<group>"; };
		7418856C29E79B1A0049BAC1 /* SignInModel.swift */ = {isa = PBXFileReference; lastKnownFileType = sourcecode.swift; path = SignInModel.swift; sourceTree = "<group>"; };
		7418856F29E79C000049BAC1 /* APIManager.swift */ = {isa = PBXFileReference; lastKnownFileType = sourcecode.swift; path = APIManager.swift; sourceTree = "<group>"; };
		7418857229E79E4D0049BAC1 /* Constants.swift */ = {isa = PBXFileReference; lastKnownFileType = sourcecode.swift; path = Constants.swift; sourceTree = "<group>"; };
		7418857429E7BFB80049BAC1 /* Response.swift */ = {isa = PBXFileReference; lastKnownFileType = sourcecode.swift; path = Response.swift; sourceTree = "<group>"; };
		7418857829E7E6040049BAC1 /* ImageList.swift */ = {isa = PBXFileReference; lastKnownFileType = sourcecode.swift; path = ImageList.swift; sourceTree = "<group>"; };
		7418857A29E7F5390049BAC1 /* ImageListViewController.swift */ = {isa = PBXFileReference; lastKnownFileType = sourcecode.swift; path = ImageListViewController.swift; sourceTree = "<group>"; };
		7418857C29E815A70049BAC1 /* ImageTableViewCell.swift */ = {isa = PBXFileReference; lastKnownFileType = sourcecode.swift; path = ImageTableViewCell.swift; sourceTree = "<group>"; };
		74900D6529E719B200877AF4 /* LoginPage.app */ = {isa = PBXFileReference; explicitFileType = wrapper.application; includeInIndex = 0; path = LoginPage.app; sourceTree = BUILT_PRODUCTS_DIR; };
		74900D6829E719B200877AF4 /* AppDelegate.swift */ = {isa = PBXFileReference; lastKnownFileType = sourcecode.swift; path = AppDelegate.swift; sourceTree = "<group>"; };
		74900D6A29E719B200877AF4 /* SceneDelegate.swift */ = {isa = PBXFileReference; lastKnownFileType = sourcecode.swift; path = SceneDelegate.swift; sourceTree = "<group>"; };
		74900D6C29E719B200877AF4 /* ViewController.swift */ = {isa = PBXFileReference; lastKnownFileType = sourcecode.swift; path = ViewController.swift; sourceTree = "<group>"; };
		74900D6F29E719B200877AF4 /* Base */ = {isa = PBXFileReference; lastKnownFileType = file.storyboard; name = Base; path = Base.lproj/Main.storyboard; sourceTree = "<group>"; };
		74900D7129E719B300877AF4 /* Assets.xcassets */ = {isa = PBXFileReference; lastKnownFileType = folder.assetcatalog; path = Assets.xcassets; sourceTree = "<group>"; };
		74900D7429E719B300877AF4 /* Base */ = {isa = PBXFileReference; lastKnownFileType = file.storyboard; name = Base; path = Base.lproj/LaunchScreen.storyboard; sourceTree = "<group>"; };
		74900D7629E719B300877AF4 /* Info.plist */ = {isa = PBXFileReference; lastKnownFileType = text.plist.xml; path = Info.plist; sourceTree = "<group>"; };
/* End PBXFileReference section */

/* Begin PBXFrameworksBuildPhase section */
		74900D6229E719B200877AF4 /* Frameworks */ = {
			isa = PBXFrameworksBuildPhase;
			buildActionMask = 2147483647;
			files = (
				74167CB829E819520030E8DE /* Kingfisher in Frameworks */,
				7418856829E7951C0049BAC1 /* Alamofire in Frameworks */,
			);
			runOnlyForDeploymentPostprocessing = 0;
		};
/* End PBXFrameworksBuildPhase section */

/* Begin PBXGroup section */
		74167CBB29E821C40030E8DE /* Resources */ = {
			isa = PBXGroup;
			children = (
				74900D6829E719B200877AF4 /* AppDelegate.swift */,
				74900D6A29E719B200877AF4 /* SceneDelegate.swift */,
			);
			path = Resources;
			sourceTree = "<group>";
		};
		7418856929E79A610049BAC1 /* Model */ = {
			isa = PBXGroup;
			children = (
				7418856C29E79B1A0049BAC1 /* SignInModel.swift */,
				7418857429E7BFB80049BAC1 /* Response.swift */,
				7418857829E7E6040049BAC1 /* ImageList.swift */,
			);
			path = Model;
			sourceTree = "<group>";
		};
		7418856A29E79A750049BAC1 /* Views */ = {
			isa = PBXGroup;
			children = (
				74900D6C29E719B200877AF4 /* ViewController.swift */,
				7418857C29E815A70049BAC1 /* ImageTableViewCell.swift */,
				7418857A29E7F5390049BAC1 /* ImageListViewController.swift */,
				74167CB929E81B1C0030E8DE /* ImageTableViewCell.xib */,
			);
			path = Views;
			sourceTree = "<group>";
		};
		7418856B29E79A830049BAC1 /* ViewModel */ = {
			isa = PBXGroup;
			children = (
				74167CBC29E821EA0030E8DE /* SignInVM.swift */,
			);
			path = ViewModel;
			sourceTree = "<group>";
		};
		7418856E29E79BEB0049BAC1 /* API */ = {
			isa = PBXGroup;
			children = (
				7418856F29E79C000049BAC1 /* APIManager.swift */,
			);
			path = API;
			sourceTree = "<group>";
		};
		7418857129E79E370049BAC1 /* Constants */ = {
			isa = PBXGroup;
			children = (
				7418857229E79E4D0049BAC1 /* Constants.swift */,
			);
			path = Constants;
			sourceTree = "<group>";
		};
		74900D5C29E719B200877AF4 = {
			isa = PBXGroup;
			children = (
				74900D6729E719B200877AF4 /* LoginPage */,
				74900D6629E719B200877AF4 /* Products */,
			);
			sourceTree = "<group>";
		};
		74900D6629E719B200877AF4 /* Products */ = {
			isa = PBXGroup;
			children = (
				74900D6529E719B200877AF4 /* LoginPage.app */,
			);
			name = Products;
			sourceTree = "<group>";
		};
		74900D6729E719B200877AF4 /* LoginPage */ = {
			isa = PBXGroup;
			children = (
				74167CBB29E821C40030E8DE /* Resources */,
				7418857129E79E370049BAC1 /* Constants */,
				7418856E29E79BEB0049BAC1 /* API */,
				7418856929E79A610049BAC1 /* Model */,
				7418856A29E79A750049BAC1 /* Views */,
				7418856B29E79A830049BAC1 /* ViewModel */,
				74900D6E29E719B200877AF4 /* Main.storyboard */,
				74900D7129E719B300877AF4 /* Assets.xcassets */,
				74900D7329E719B300877AF4 /* LaunchScreen.storyboard */,
				74900D7629E719B300877AF4 /* Info.plist */,
			);
			path = LoginPage;
			sourceTree = "<group>";
		};
/* End PBXGroup section */

/* Begin PBXNativeTarget section */
		74900D6429E719B200877AF4 /* LoginPage */ = {
			isa = PBXNativeTarget;
			buildConfigurationList = 74900D7929E719B300877AF4 /* Build configuration list for PBXNativeTarget "LoginPage" */;
			buildPhases = (
				74900D6129E719B200877AF4 /* Sources */,
				74900D6229E719B200877AF4 /* Frameworks */,
				74900D6329E719B200877AF4 /* Resources */,
			);
			buildRules = (
			);
			dependencies = (
			);
			name = LoginPage;
			packageProductDependencies = (
				7418856729E7951C0049BAC1 /* Alamofire */,
				74167CB729E819520030E8DE /* Kingfisher */,
			);
			productName = LoginPage;
			productReference = 74900D6529E719B200877AF4 /* LoginPage.app */;
			productType = "com.apple.product-type.application";
		};
/* End PBXNativeTarget section */

/* Begin PBXProject section */
		74900D5D29E719B200877AF4 /* Project object */ = {
			isa = PBXProject;
			attributes = {
				BuildIndependentTargetsInParallel = 1;
				LastSwiftUpdateCheck = 1420;
				LastUpgradeCheck = 1420;
				TargetAttributes = {
					74900D6429E719B200877AF4 = {
						CreatedOnToolsVersion = 14.2;
					};
				};
			};
			buildConfigurationList = 74900D6029E719B200877AF4 /* Build configuration list for PBXProject "LoginPage" */;
			compatibilityVersion = "Xcode 13.0";
			developmentRegion = en;
			hasScannedForEncodings = 0;
			knownRegions = (
				en,
				Base,
			);
			mainGroup = 74900D5C29E719B200877AF4;
			packageReferences = (
				7418856629E7951C0049BAC1 /* XCRemoteSwiftPackageReference "Alamofire" */,
				74167CB629E819520030E8DE /* XCRemoteSwiftPackageReference "Kingfisher" */,
			);
			productRefGroup = 74900D6629E719B200877AF4 /* Products */;
			projectDirPath = "";
			projectRoot = "";
			targets = (
				74900D6429E719B200877AF4 /* LoginPage */,
			);
		};
/* End PBXProject section */

/* Begin PBXResourcesBuildPhase section */
		74900D6329E719B200877AF4 /* Resources */ = {
			isa = PBXResourcesBuildPhase;
			buildActionMask = 2147483647;
			files = (
				74900D7529E719B300877AF4 /* LaunchScreen.storyboard in Resources */,
				74167CBA29E81B1C0030E8DE /* ImageTableViewCell.xib in Resources */,
				74900D7229E719B300877AF4 /* Assets.xcassets in Resources */,
				74900D7029E719B200877AF4 /* Main.storyboard in Resources */,
			);
			runOnlyForDeploymentPostprocessing = 0;
		};
/* End PBXResourcesBuildPhase section */

/* Begin PBXSourcesBuildPhase section */
		74900D6129E719B200877AF4 /* Sources */ = {
			isa = PBXSourcesBuildPhase;
			buildActionMask = 2147483647;
			files = (
				7418857929E7E6040049BAC1 /* ImageList.swift in Sources */,
				74167CBD29E821EA0030E8DE /* SignInVM.swift in Sources */,
				74900D6D29E719B200877AF4 /* ViewController.swift in Sources */,
				7418856D29E79B1A0049BAC1 /* SignInModel.swift in Sources */,
				7418857029E79C000049BAC1 /* APIManager.swift in Sources */,
				74900D6929E719B200877AF4 /* AppDelegate.swift in Sources */,
				74900D6B29E719B200877AF4 /* SceneDelegate.swift in Sources */,
				7418857B29E7F5390049BAC1 /* ImageListViewController.swift in Sources */,
				7418857D29E815A70049BAC1 /* ImageTableViewCell.swift in Sources */,
				7418857329E79E4D0049BAC1 /* Constants.swift in Sources */,
				7418857529E7BFB80049BAC1 /* Response.swift in Sources */,
			);
			runOnlyForDeploymentPostprocessing = 0;
		};
/* End PBXSourcesBuildPhase section */

/* Begin PBXVariantGroup section */
		74900D6E29E719B200877AF4 /* Main.storyboard */ = {
			isa = PBXVariantGroup;
			children = (
				74900D6F29E719B200877AF4 /* Base */,
			);
			name = Main.storyboard;
			sourceTree = "<group>";
		};
		74900D7329E719B300877AF4 /* LaunchScreen.storyboard */ = {
			isa = PBXVariantGroup;
			children = (
				74900D7429E719B300877AF4 /* Base */,
			);
			name = LaunchScreen.storyboard;
			sourceTree = "<group>";
		};
/* End PBXVariantGroup section */

/* Begin XCBuildConfiguration section */
		74900D7729E719B300877AF4 /* Debug */ = {
			isa = XCBuildConfiguration;
			buildSettings = {
				ALWAYS_SEARCH_USER_PATHS = NO;
				CLANG_ANALYZER_NONNULL = YES;
				CLANG_ANALYZER_NUMBER_OBJECT_CONVERSION = YES_AGGRESSIVE;
				CLANG_CXX_LANGUAGE_STANDARD = "gnu++20";
				CLANG_ENABLE_MODULES = YES;
				CLANG_ENABLE_OBJC_ARC = YES;
				CLANG_ENABLE_OBJC_WEAK = YES;
				CLANG_WARN_BLOCK_CAPTURE_AUTORELEASING = YES;
				CLANG_WARN_BOOL_CONVERSION = YES;
				CLANG_WARN_COMMA = YES;
				CLANG_WARN_CONSTANT_CONVERSION = YES;
				CLANG_WARN_DEPRECATED_OBJC_IMPLEMENTATIONS = YES;
				CLANG_WARN_DIRECT_OBJC_ISA_USAGE = YES_ERROR;
				CLANG_WARN_DOCUMENTATION_COMMENTS = YES;
				CLANG_WARN_EMPTY_BODY = YES;
				CLANG_WARN_ENUM_CONVERSION = YES;
				CLANG_WARN_INFINITE_RECURSION = YES;
				CLANG_WARN_INT_CONVERSION = YES;
				CLANG_WARN_NON_LITERAL_NULL_CONVERSION = YES;
				CLANG_WARN_OBJC_IMPLICIT_RETAIN_SELF = YES;
				CLANG_WARN_OBJC_LITERAL_CONVERSION = YES;
				CLANG_WARN_OBJC_ROOT_CLASS = YES_ERROR;
				CLANG_WARN_QUOTED_INCLUDE_IN_FRAMEWORK_HEADER = YES;
				CLANG_WARN_RANGE_LOOP_ANALYSIS = YES;
				CLANG_WARN_STRICT_PROTOTYPES = YES;
				CLANG_WARN_SUSPICIOUS_MOVE = YES;
				CLANG_WARN_UNGUARDED_AVAILABILITY = YES_AGGRESSIVE;
				CLANG_WARN_UNREACHABLE_CODE = YES;
				CLANG_WARN__DUPLICATE_METHOD_MATCH = YES;
				COPY_PHASE_STRIP = NO;
				DEBUG_INFORMATION_FORMAT = dwarf;
				ENABLE_STRICT_OBJC_MSGSEND = YES;
				ENABLE_TESTABILITY = YES;
				GCC_C_LANGUAGE_STANDARD = gnu11;
				GCC_DYNAMIC_NO_PIC = NO;
				GCC_NO_COMMON_BLOCKS = YES;
				GCC_OPTIMIZATION_LEVEL = 0;
				GCC_PREPROCESSOR_DEFINITIONS = (
					"DEBUG=1",
					"$(inherited)",
				);
				GCC_WARN_64_TO_32_BIT_CONVERSION = YES;
				GCC_WARN_ABOUT_RETURN_TYPE = YES_ERROR;
				GCC_WARN_UNDECLARED_SELECTOR = YES;
				GCC_WARN_UNINITIALIZED_AUTOS = YES_AGGRESSIVE;
				GCC_WARN_UNUSED_FUNCTION = YES;
				GCC_WARN_UNUSED_VARIABLE = YES;
				IPHONEOS_DEPLOYMENT_TARGET = 15.0;
				MTL_ENABLE_DEBUG_INFO = INCLUDE_SOURCE;
				MTL_FAST_MATH = YES;
				ONLY_ACTIVE_ARCH = YES;
				SDKROOT = iphoneos;
				SWIFT_ACTIVE_COMPILATION_CONDITIONS = DEBUG;
				SWIFT_OPTIMIZATION_LEVEL = "-Onone";
			};
			name = Debug;
		};
		74900D7829E719B300877AF4 /* Release */ = {
			isa = XCBuildConfiguration;
			buildSettings = {
				ALWAYS_SEARCH_USER_PATHS = NO;
				CLANG_ANALYZER_NONNULL = YES;
				CLANG_ANALYZER_NUMBER_OBJECT_CONVERSION = YES_AGGRESSIVE;
				CLANG_CXX_LANGUAGE_STANDARD = "gnu++20";
				CLANG_ENABLE_MODULES = YES;
				CLANG_ENABLE_OBJC_ARC = YES;
				CLANG_ENABLE_OBJC_WEAK = YES;
				CLANG_WARN_BLOCK_CAPTURE_AUTORELEASING = YES;
				CLANG_WARN_BOOL_CONVERSION = YES;
				CLANG_WARN_COMMA = YES;
				CLANG_WARN_CONSTANT_CONVERSION = YES;
				CLANG_WARN_DEPRECATED_OBJC_IMPLEMENTATIONS = YES;
				CLANG_WARN_DIRECT_OBJC_ISA_USAGE = YES_ERROR;
				CLANG_WARN_DOCUMENTATION_COMMENTS = YES;
				CLANG_WARN_EMPTY_BODY = YES;
				CLANG_WARN_ENUM_CONVERSION = YES;
				CLANG_WARN_INFINITE_RECURSION = YES;
				CLANG_WARN_INT_CONVERSION = YES;
				CLANG_WARN_NON_LITERAL_NULL_CONVERSION = YES;
				CLANG_WARN_OBJC_IMPLICIT_RETAIN_SELF = YES;
				CLANG_WARN_OBJC_LITERAL_CONVERSION = YES;
				CLANG_WARN_OBJC_ROOT_CLASS = YES_ERROR;
				CLANG_WARN_QUOTED_INCLUDE_IN_FRAMEWORK_HEADER = YES;
				CLANG_WARN_RANGE_LOOP_ANALYSIS = YES;
				CLANG_WARN_STRICT_PROTOTYPES = YES;
				CLANG_WARN_SUSPICIOUS_MOVE = YES;
				CLANG_WARN_UNGUARDED_AVAILABILITY = YES_AGGRESSIVE;
				CLANG_WARN_UNREACHABLE_CODE = YES;
				CLANG_WARN__DUPLICATE_METHOD_MATCH = YES;
				COPY_PHASE_STRIP = NO;
				DEBUG_INFORMATION_FORMAT = "dwarf-with-dsym";
				ENABLE_NS_ASSERTIONS = NO;
				ENABLE_STRICT_OBJC_MSGSEND = YES;
				GCC_C_LANGUAGE_STANDARD = gnu11;
				GCC_NO_COMMON_BLOCKS = YES;
				GCC_WARN_64_TO_32_BIT_CONVERSION = YES;
				GCC_WARN_ABOUT_RETURN_TYPE = YES_ERROR;
				GCC_WARN_UNDECLARED_SELECTOR = YES;
				GCC_WARN_UNINITIALIZED_AUTOS = YES_AGGRESSIVE;
				GCC_WARN_UNUSED_FUNCTION = YES;
				GCC_WARN_UNUSED_VARIABLE = YES;
				IPHONEOS_DEPLOYMENT_TARGET = 15.0;
				MTL_ENABLE_DEBUG_INFO = NO;
				MTL_FAST_MATH = YES;
				SDKROOT = iphoneos;
				SWIFT_COMPILATION_MODE = wholemodule;
				SWIFT_OPTIMIZATION_LEVEL = "-O";
				VALIDATE_PRODUCT = YES;
			};
			name = Release;
		};
		74900D7A29E719B300877AF4 /* Debug */ = {
			isa = XCBuildConfiguration;
			buildSettings = {
				ASSETCATALOG_COMPILER_APPICON_NAME = AppIcon;
				ASSETCATALOG_COMPILER_GLOBAL_ACCENT_COLOR_NAME = AccentColor;
				CODE_SIGN_STYLE = Automatic;
				CURRENT_PROJECT_VERSION = 1;
				GENERATE_INFOPLIST_FILE = YES;
				INFOPLIST_FILE = LoginPage/Info.plist;
				INFOPLIST_KEY_UIApplicationSupportsIndirectInputEvents = YES;
				INFOPLIST_KEY_UILaunchStoryboardName = LaunchScreen;
				INFOPLIST_KEY_UIMainStoryboardFile = Main;
				INFOPLIST_KEY_UISupportedInterfaceOrientations_iPad = "UIInterfaceOrientationPortrait UIInterfaceOrientationPortraitUpsideDown UIInterfaceOrientationLandscapeLeft UIInterfaceOrientationLandscapeRight";
				INFOPLIST_KEY_UISupportedInterfaceOrientations_iPhone = "UIInterfaceOrientationPortrait UIInterfaceOrientationLandscapeLeft UIInterfaceOrientationLandscapeRight";
				LD_RUNPATH_SEARCH_PATHS = (
					"$(inherited)",
					"@executable_path/Frameworks",
				);
				MARKETING_VERSION = 1.0;
				PRODUCT_BUNDLE_IDENTIFIER = com.rencheeraj.LoginPage;
				PRODUCT_NAME = "$(TARGET_NAME)";
				SWIFT_EMIT_LOC_STRINGS = YES;
				SWIFT_VERSION = 5.0;
				TARGETED_DEVICE_FAMILY = "1,2";
			};
			name = Debug;
		};
		74900D7B29E719B300877AF4 /* Release */ = {
			isa = XCBuildConfiguration;
			buildSettings = {
				ASSETCATALOG_COMPILER_APPICON_NAME = AppIcon;
				ASSETCATALOG_COMPILER_GLOBAL_ACCENT_COLOR_NAME = AccentColor;
				CODE_SIGN_STYLE = Automatic;
				CURRENT_PROJECT_VERSION = 1;
				GENERATE_INFOPLIST_FILE = YES;
				INFOPLIST_FILE = LoginPage/Info.plist;
				INFOPLIST_KEY_UIApplicationSupportsIndirectInputEvents = YES;
				INFOPLIST_KEY_UILaunchStoryboardName = LaunchScreen;
				INFOPLIST_KEY_UIMainStoryboardFile = Main;
				INFOPLIST_KEY_UISupportedInterfaceOrientations_iPad = "UIInterfaceOrientationPortrait UIInterfaceOrientationPortraitUpsideDown UIInterfaceOrientationLandscapeLeft UIInterfaceOrientationLandscapeRight";
				INFOPLIST_KEY_UISupportedInterfaceOrientations_iPhone = "UIInterfaceOrientationPortrait UIInterfaceOrientationLandscapeLeft UIInterfaceOrientationLandscapeRight";
				LD_RUNPATH_SEARCH_PATHS = (
					"$(inherited)",
					"@executable_path/Frameworks",
				);
				MARKETING_VERSION = 1.0;
				PRODUCT_BUNDLE_IDENTIFIER = com.rencheeraj.LoginPage;
				PRODUCT_NAME = "$(TARGET_NAME)";
				SWIFT_EMIT_LOC_STRINGS = YES;
				SWIFT_VERSION = 5.0;
				TARGETED_DEVICE_FAMILY = "1,2";
			};
			name = Release;
		};
/* End XCBuildConfiguration section */

/* Begin XCConfigurationList section */
		74900D6029E719B200877AF4 /* Build configuration list for PBXProject "LoginPage" */ = {
			isa = XCConfigurationList;
			buildConfigurations = (
				74900D7729E719B300877AF4 /* Debug */,
				74900D7829E719B300877AF4 /* Release */,
			);
			defaultConfigurationIsVisible = 0;
			defaultConfigurationName = Release;
		};
		74900D7929E719B300877AF4 /* Build configuration list for PBXNativeTarget "LoginPage" */ = {
			isa = XCConfigurationList;
			buildConfigurations = (
				74900D7A29E719B300877AF4 /* Debug */,
				74900D7B29E719B300877AF4 /* Release */,
			);
			defaultConfigurationIsVisible = 0;
			defaultConfigurationName = Release;
		};
/* End XCConfigurationList section */

/* Begin XCRemoteSwiftPackageReference section */
		74167CB629E819520030E8DE /* XCRemoteSwiftPackageReference "Kingfisher" */ = {
			isa = XCRemoteSwiftPackageReference;
			repositoryURL = "https://github.com/onevcat/Kingfisher.git";
			requirement = {
				kind = upToNextMajorVersion;
				minimumVersion = 7.0.0;
			};
		};
		7418856629E7951C0049BAC1 /* XCRemoteSwiftPackageReference "Alamofire" */ = {
			isa = XCRemoteSwiftPackageReference;
			repositoryURL = "https://github.com/Alamofire/Alamofire";
			requirement = {
				kind = upToNextMajorVersion;
				minimumVersion = 5.0.0;
			};
		};
/* End XCRemoteSwiftPackageReference section */

/* Begin XCSwiftPackageProductDependency section */
		74167CB729E819520030E8DE /* Kingfisher */ = {
			isa = XCSwiftPackageProductDependency;
			package = 74167CB629E819520030E8DE /* XCRemoteSwiftPackageReference "Kingfisher" */;
			productName = Kingfisher;
		};
		7418856729E7951C0049BAC1 /* Alamofire */ = {
			isa = XCSwiftPackageProductDependency;
			package = 7418856629E7951C0049BAC1 /* XCRemoteSwiftPackageReference "Alamofire" */;
			productName = Alamofire;
		};
/* End XCSwiftPackageProductDependency section */
	};
	rootObject = 74900D5D29E719B200877AF4 /* Project object */;
}
